
Microsoft Visual Studio Solution File, Format Version 12.00
# Visual Studio Version 17
VisualStudioVersion = 17.10.35027.167
MinimumVisualStudioVersion = 10.0.40219.1
Project("{FAE04EC0-301F-11D3-BF4B-00C04F79EFBC}") = "infinit-scroll.Server", "infinit-scroll.Server\infinit-scroll.Server.csproj", "{491287EB-01C9-4171-9C52-E220719D9718}"
EndProject
Project("{54A90642-561A-4BB1-A94E-469ADEE60C69}") = "infinit-scroll.client", "infinit-scroll.client\infinit-scroll.client.esproj", "{EF9D5054-009E-4C11-9125-5C2D065AD301}"
EndProject
Global
	GlobalSection(SolutionConfigurationPlatforms) = preSolution
		Debug|Any CPU = Debug|Any CPU
		Release|Any CPU = Release|Any CPU
	EndGlobalSection
	GlobalSection(ProjectConfigurationPlatforms) = postSolution
		{491287EB-01C9-4171-9C52-E220719D9718}.Debug|Any CPU.ActiveCfg = Debug|Any CPU
		{491287EB-01C9-4171-9C52-E220719D9718}.Debug|Any CPU.Build.0 = Debug|Any CPU
		{491287EB-01C9-4171-9C52-E220719D9718}.Release|Any CPU.ActiveCfg = Release|Any CPU
		{491287EB-01C9-4171-9C52-E220719D9718}.Release|Any CPU.Build.0 = Release|Any CPU
		{EF9D5054-009E-4C11-9125-5C2D065AD301}.Debug|Any CPU.ActiveCfg = Debug|Any CPU
		{EF9D5054-009E-4C11-9125-5C2D065AD301}.Debug|Any CPU.Build.0 = Debug|Any CPU
		{EF9D5054-009E-4C11-9125-5C2D065AD301}.Debug|Any CPU.Deploy.0 = Debug|Any CPU
		{EF9D5054-009E-4C11-9125-5C2D065AD301}.Release|Any CPU.ActiveCfg = Release|Any CPU
		{EF9D5054-009E-4C11-9125-5C2D065AD301}.Release|Any CPU.Build.0 = Release|Any CPU
		{EF9D5054-009E-4C11-9125-5C2D065AD301}.Release|Any CPU.Deploy.0 = Release|Any CPU
	EndGlobalSection
	GlobalSection(SolutionProperties) = preSolution
		HideSolutionNode = FALSE
	EndGlobalSection
	GlobalSection(ExtensibilityGlobals) = postSolution
		SolutionGuid = {D2FF52D2-E37F-4DCF-A890-904FE0E8A9C8}
	EndGlobalSection
EndGlobal
